
Microsoft Visual Studio Solution File, Format Version 12.00
# Visual Studio Version 16
VisualStudioVersion = 16.0.32413.511
MinimumVisualStudioVersion = 10.0.40219.1
Project("{8BC9CEB8-8B4A-11D0-8D11-00A0C91BC942}") = "MyUE426Dumper", "MyUE426Dumper\MyUE426Dumper.vcxproj", "{3A5C32CD-5BF4-44E0-B471-7097098D5F45}"
EndProject
Global
	GlobalSection(SolutionConfigurationPlatforms) = preSolution
		Debug|x64 = Debug|x64
		Debug|x86 = Debug|x86
		Release|x64 = Release|x64
		Release|x86 = Release|x86
	EndGlobalSection
	GlobalSection(ProjectConfigurationPlatforms) = postSolution
		{3A5C32CD-5BF4-44E0-B471-7097098D5F45}.Debug|x64.ActiveCfg = Debug|x64
		{3A5C32CD-5BF4-44E0-B471-7097098D5F45}.Debug|x64.Build.0 = Debug|x64
		{3A5C32CD-5BF4-44E0-B471-7097098D5F45}.Debug|x86.ActiveCfg = Debug|Win32
		{3A5C32CD-5BF4-44E0-B471-7097098D5F45}.Debug|x86.Build.0 = Debug|Win32
		{3A5C32CD-5BF4-44E0-B471-7097098D5F45}.Release|x64.ActiveCfg = Release|x64
		{3A5C32CD-5BF4-44E0-B471-7097098D5F45}.Release|x64.Build.0 = Release|x64
		{3A5C32CD-5BF4-44E0-B471-7097098D5F45}.Release|x86.ActiveCfg = Release|Win32
		{3A5C32CD-5BF4-44E0-B471-7097098D5F45}.Release|x86.Build.0 = Release|Win32
	EndGlobalSection
	GlobalSection(SolutionProperties) = preSolution
		HideSolutionNode = FALSE
	EndGlobalSection
	GlobalSection(ExtensibilityGlobals) = postSolution
		SolutionGuid = {1870E303-6908-464D-B426-75D8000DEF89}
	EndGlobalSection
EndGlobal
